
Microsoft Visual Studio Solution File, Format Version 12.00
Project("{FAE04EC0-301F-11D3-BF4B-00C04F79EFBC}") = "MinimumLengthApp", "MinimumLengthApp\MinimumLengthApp.csproj", "{3A507689-BE3E-4897-990B-CB30AE1BCCAA}"
EndProject
Global
	GlobalSection(SolutionConfigurationPlatforms) = preSolution
		Debug|Any CPU = Debug|Any CPU
		Release|Any CPU = Release|Any CPU
	EndGlobalSection
	GlobalSection(ProjectConfigurationPlatforms) = postSolution
		{3A507689-BE3E-4897-990B-CB30AE1BCCAA}.Debug|Any CPU.ActiveCfg = Debug|Any CPU
		{3A507689-BE3E-4897-990B-CB30AE1BCCAA}.Debug|Any CPU.Build.0 = Debug|Any CPU
		{3A507689-BE3E-4897-990B-CB30AE1BCCAA}.Release|Any CPU.ActiveCfg = Release|Any CPU
		{3A507689-BE3E-4897-990B-CB30AE1BCCAA}.Release|Any CPU.Build.0 = Release|Any CPU
	EndGlobalSection
EndGlobal
